{
  "name": "blog",
  "version": "1.0.0",
  "lockfileVersion": 1,
  "requires": true,
  "dependencies": {
    "@vssue/api-github-v3": {
      "version": "1.4.0",
      "resolved": "https://registry.npm.taobao.org/@vssue/api-github-v3/download/@vssue/api-github-v3-1.4.0.tgz",
      "integrity": "sha1-q5RMfZYXPCcW0zNpOkUdRBs+xm4=",
      "requires": {
        "@vssue/utils": "^1.4.0",
        "axios": "^0.18.1"
      }
    },
    "@vssue/utils": {
      "version": "1.4.0",
      "resolved": "https://registry.npm.taobao.org/@vssue/utils/download/@vssue/utils-1.4.0.tgz",
      "integrity": "sha1-PML9hJKjQJ40MomYHiIJtsovgxM=",
      "requires": {
        "date-fns": "^1.29.0",
        "qs": "^6.6.0"
      }
    },
    "@vssue/vuepress-plugin-vssue": {
      "version": "1.4.2",
      "resolved": "https://registry.npm.taobao.org/@vssue/vuepress-plugin-vssue/download/@vssue/vuepress-plugin-vssue-1.4.2.tgz",
      "integrity": "sha1-nOpOwkug2i4bC1FvuffSDpHH70U=",
      "requires": {
        "vssue": "^1.4.2"
      }
    },
    "axios": {
      "version": "0.18.1",
      "resolved": "https://registry.npm.taobao.org/axios/download/axios-0.18.1.tgz",
      "integrity": "sha1-/z8N4ue10YDnV62YAA8Qgbh7zqM=",
      "requires": {
        "follow-redirects": "1.5.10",
        "is-buffer": "^2.0.2"
      }
    },
    "date-fns": {
      "version": "1.30.1",
      "resolved": "https://registry.npm.taobao.org/date-fns/download/date-fns-1.30.1.tgz",
      "integrity": "sha1-LnG/CxGRU9u0zE6I2epaz7UNwFw="
    },
    "debug": {
      "version": "3.1.0",
      "resolved": "https://registry.npm.taobao.org/debug/download/debug-3.1.0.tgz",
      "integrity": "sha1-W7WgZyYotkFJVmuhaBnmFRjGcmE=",
      "requires": {
        "ms": "2.0.0"
      }
    },
    "follow-redirects": {
      "version": "1.5.10",
      "resolved": "https://registry.npm.taobao.org/follow-redirects/download/follow-redirects-1.5.10.tgz",
      "integrity": "sha1-e3qfmuov3/NnhqlP9kPtB/T/Xio=",
      "requires": {
        "debug": "=3.1.0"
      }
    },
    "github-markdown-css": {
      "version": "3.0.1",
      "resolved": "https://registry.npm.taobao.org/github-markdown-css/download/github-markdown-css-3.0.1.tgz",
      "integrity": "sha1-0I2xBg0uGCAl4NB9VHz+Kv7TAgU="
    },
    "is-buffer": {
      "version": "2.0.4",
      "resolved": "https://registry.npm.taobao.org/is-buffer/download/is-buffer-2.0.4.tgz",
      "integrity": "sha1-PlcvI8hBGlz9lVfISeNmXgspBiM="
    },
    "ms": {
      "version": "2.0.0",
      "resolved": "https://registry.npm.taobao.org/ms/download/ms-2.0.0.tgz",
      "integrity": "sha1-VgiurfwAvmwpAd9fmGF4jeDVl8g="
    },
    "qs": {
      "version": "6.9.1",
      "resolved": "https://registry.npm.taobao.org/qs/download/qs-6.9.1.tgz?cache=0&other_urls=https%3A%2F%2Fregistry.npm.taobao.org%2Fqs%2Fdownload%2Fqs-6.9.1.tgz",
      "integrity": "sha1-IAgsZct4IjY1qxqerKiHWim/jsk="
    },
    "vssue": {
      "version": "1.4.2",
      "resolved": "https://registry.npm.taobao.org/vssue/download/vssue-1.4.2.tgz",
      "integrity": "sha1-WWgnXHmgLwMaYpVIR57c3MYjLYQ=",
      "requires": {
        "@vssue/utils": "^1.4.0",
        "github-markdown-css": "^3.0.1",
        "vue": "^2.6.10",
        "vue-i18n": "^8.11.2",
        "vue-property-decorator": "^8.1.1"
      }
    },
    "vue": {
      "version": "2.6.11",
      "resolved": "https://registry.npm.taobao.org/vue/download/vue-2.6.11.tgz",
      "integrity": "sha1-dllNh31LEiNEBuhONSdcbVFBJcU="
    },
    "vue-class-component": {
      "version": "7.2.2",
      "resolved": "https://registry.npm.taobao.org/vue-class-component/download/vue-class-component-7.2.2.tgz",
      "integrity": "sha1-rsxtKIAfZMYesEQHzzpUdtomsMA="
    },
    "vue-i18n": {
      "version": "8.15.3",
      "resolved": "https://registry.npm.taobao.org/vue-i18n/download/vue-i18n-8.15.3.tgz",
      "integrity": "sha1-n5R4Atm3NPy5LiznJNplTy+fwPQ="
    },
    "vue-property-decorator": {
      "version": "8.3.0",
      "resolved": "https://registry.npm.taobao.org/vue-property-decorator/download/vue-property-decorator-8.3.0.tgz",
      "integrity": "sha1-U28CfcfWJvN8jYWi3ALwpsuXlEA=",
      "requires": {
        "vue-class-component": "^7.1.0"
      }
    }
  }
}
